
Microsoft Visual Studio Solution File, Format Version 12.00
# Visual Studio Version 17
VisualStudioVersion = 17.6.33829.357
MinimumVisualStudioVersion = 10.0.40219.1
Project("{FAE04EC0-301F-11D3-BF4B-00C04F79EFBC}") = "Bulletin Board Project", "Bulletin Board Project\Bulletin Board Project.csproj", "{B7E38686-2261-44EB-A99B-06EBF4439DDC}"
EndProject
Global
	GlobalSection(SolutionConfigurationPlatforms) = preSolution
		Debug|Any CPU = Debug|Any CPU
		Release|Any CPU = Release|Any CPU
	EndGlobalSection
	GlobalSection(ProjectConfigurationPlatforms) = postSolution
		{B7E38686-2261-44EB-A99B-06EBF4439DDC}.Debug|Any CPU.ActiveCfg = Debug|Any CPU
		{B7E38686-2261-44EB-A99B-06EBF4439DDC}.Debug|Any CPU.Build.0 = Debug|Any CPU
		{B7E38686-2261-44EB-A99B-06EBF4439DDC}.Release|Any CPU.ActiveCfg = Release|Any CPU
		{B7E38686-2261-44EB-A99B-06EBF4439DDC}.Release|Any CPU.Build.0 = Release|Any CPU
	EndGlobalSection
	GlobalSection(SolutionProperties) = preSolution
		HideSolutionNode = FALSE
	EndGlobalSection
	GlobalSection(ExtensibilityGlobals) = postSolution
		SolutionGuid = {BF837A27-0347-4580-AEC6-7D0201ED8F11}
	EndGlobalSection
EndGlobal
